
Microsoft Visual Studio Solution File, Format Version 12.00
# Visual Studio Version 16
VisualStudioVersion = 16.0.29519.181
MinimumVisualStudioVersion = 10.0.40219.1
Project("{9A19103F-16F7-4668-BE54-9A1E7A4F7556}") = "Library", "Library\Library.csproj", "{8C9B5F77-29A9-45BC-BFA7-3FF2C68EAAD1}"
EndProject
Project("{9A19103F-16F7-4668-BE54-9A1E7A4F7556}") = "LibraryData", "LibraryData\LibraryData.csproj", "{27BA34AA-351F-4102-AFB0-056708BC8A87}"
EndProject
Project("{9A19103F-16F7-4668-BE54-9A1E7A4F7556}") = "LibraryServices", "LibraryServices\LibraryServices.csproj", "{593D39A9-08AE-46BE-B715-C28ACB250074}"
EndProject
Global
	GlobalSection(SolutionConfigurationPlatforms) = preSolution
		Debug|Any CPU = Debug|Any CPU
		Release|Any CPU = Release|Any CPU
	EndGlobalSection
	GlobalSection(ProjectConfigurationPlatforms) = postSolution
		{8C9B5F77-29A9-45BC-BFA7-3FF2C68EAAD1}.Debug|Any CPU.ActiveCfg = Debug|Any CPU
		{8C9B5F77-29A9-45BC-BFA7-3FF2C68EAAD1}.Debug|Any CPU.Build.0 = Debug|Any CPU
		{8C9B5F77-29A9-45BC-BFA7-3FF2C68EAAD1}.Release|Any CPU.ActiveCfg = Release|Any CPU
		{8C9B5F77-29A9-45BC-BFA7-3FF2C68EAAD1}.Release|Any CPU.Build.0 = Release|Any CPU
		{27BA34AA-351F-4102-AFB0-056708BC8A87}.Debug|Any CPU.ActiveCfg = Debug|Any CPU
		{27BA34AA-351F-4102-AFB0-056708BC8A87}.Debug|Any CPU.Build.0 = Debug|Any CPU
		{27BA34AA-351F-4102-AFB0-056708BC8A87}.Release|Any CPU.ActiveCfg = Release|Any CPU
		{27BA34AA-351F-4102-AFB0-056708BC8A87}.Release|Any CPU.Build.0 = Release|Any CPU
		{593D39A9-08AE-46BE-B715-C28ACB250074}.Debug|Any CPU.ActiveCfg = Debug|Any CPU
		{593D39A9-08AE-46BE-B715-C28ACB250074}.Debug|Any CPU.Build.0 = Debug|Any CPU
		{593D39A9-08AE-46BE-B715-C28ACB250074}.Release|Any CPU.ActiveCfg = Release|Any CPU
		{593D39A9-08AE-46BE-B715-C28ACB250074}.Release|Any CPU.Build.0 = Release|Any CPU
	EndGlobalSection
	GlobalSection(SolutionProperties) = preSolution
		HideSolutionNode = FALSE
	EndGlobalSection
	GlobalSection(ExtensibilityGlobals) = postSolution
		SolutionGuid = {492589F5-6E37-4BD6-AB7D-53C17C68A67B}
	EndGlobalSection
EndGlobal
